
Microsoft Visual Studio Solution File, Format Version 12.00
# Visual Studio Version 17
VisualStudioVersion = 17.4.33110.190
MinimumVisualStudioVersion = 10.0.40219.1
Project("{FAE04EC0-301F-11D3-BF4B-00C04F79EFBC}") = "MO1", "MO1\MO1.csproj", "{F1FD3A17-71B1-4B64-BF48-C6D0402A0359}"
EndProject
Global
	GlobalSection(SolutionConfigurationPlatforms) = preSolution
		Debug|Any CPU = Debug|Any CPU
		Release|Any CPU = Release|Any CPU
	EndGlobalSection
	GlobalSection(ProjectConfigurationPlatforms) = postSolution
		{F1FD3A17-71B1-4B64-BF48-C6D0402A0359}.Debug|Any CPU.ActiveCfg = Debug|Any CPU
		{F1FD3A17-71B1-4B64-BF48-C6D0402A0359}.Debug|Any CPU.Build.0 = Debug|Any CPU
		{F1FD3A17-71B1-4B64-BF48-C6D0402A0359}.Release|Any CPU.ActiveCfg = Release|Any CPU
		{F1FD3A17-71B1-4B64-BF48-C6D0402A0359}.Release|Any CPU.Build.0 = Release|Any CPU
	EndGlobalSection
	GlobalSection(SolutionProperties) = preSolution
		HideSolutionNode = FALSE
	EndGlobalSection
	GlobalSection(ExtensibilityGlobals) = postSolution
		SolutionGuid = {F56E0E34-4548-487D-B24F-6FD68F71B143}
	EndGlobalSection
EndGlobal
